
Microsoft Visual Studio Solution File, Format Version 12.00
# Visual Studio 15
VisualStudioVersion = 15.0.28307.779
MinimumVisualStudioVersion = 10.0.40219.1
Project("{FAE04EC0-301F-11D3-BF4B-00C04F79EFBC}") = "WebTestingService", "WebTestingService\WebTestingService.csproj", "{99D4BD2D-61DC-4DB6-B767-9FC5D60A00C6}"
EndProject
Global
	GlobalSection(SolutionConfigurationPlatforms) = preSolution
		Debug|Any CPU = Debug|Any CPU
		Release|Any CPU = Release|Any CPU
	EndGlobalSection
	GlobalSection(ProjectConfigurationPlatforms) = postSolution
		{99D4BD2D-61DC-4DB6-B767-9FC5D60A00C6}.Debug|Any CPU.ActiveCfg = Debug|Any CPU
		{99D4BD2D-61DC-4DB6-B767-9FC5D60A00C6}.Debug|Any CPU.Build.0 = Debug|Any CPU
		{99D4BD2D-61DC-4DB6-B767-9FC5D60A00C6}.Release|Any CPU.ActiveCfg = Release|Any CPU
		{99D4BD2D-61DC-4DB6-B767-9FC5D60A00C6}.Release|Any CPU.Build.0 = Release|Any CPU
	EndGlobalSection
	GlobalSection(SolutionProperties) = preSolution
		HideSolutionNode = FALSE
	EndGlobalSection
	GlobalSection(ExtensibilityGlobals) = postSolution
		SolutionGuid = {D2566EDD-2ECB-4A98-AE30-4863999FB14D}
	EndGlobalSection
EndGlobal
