
Microsoft Visual Studio Solution File, Format Version 12.00
# Visual Studio Version 16
VisualStudioVersion = 16.0.30114.105
MinimumVisualStudioVersion = 10.0.40219.1
Project("{FAE04EC0-301F-11D3-BF4B-00C04F79EFBC}") = "WebTesringService", "WebTesringService\WebTesringService.csproj", "{E5B7EA1E-3146-4AB0-A819-8F89E5F35175}"
EndProject
Global
	GlobalSection(SolutionConfigurationPlatforms) = preSolution
		Debug|Any CPU = Debug|Any CPU
		Release|Any CPU = Release|Any CPU
	EndGlobalSection
	GlobalSection(ProjectConfigurationPlatforms) = postSolution
		{E5B7EA1E-3146-4AB0-A819-8F89E5F35175}.Debug|Any CPU.ActiveCfg = Debug|Any CPU
		{E5B7EA1E-3146-4AB0-A819-8F89E5F35175}.Debug|Any CPU.Build.0 = Debug|Any CPU
		{E5B7EA1E-3146-4AB0-A819-8F89E5F35175}.Release|Any CPU.ActiveCfg = Release|Any CPU
		{E5B7EA1E-3146-4AB0-A819-8F89E5F35175}.Release|Any CPU.Build.0 = Release|Any CPU
	EndGlobalSection
	GlobalSection(SolutionProperties) = preSolution
		HideSolutionNode = FALSE
	EndGlobalSection
	GlobalSection(ExtensibilityGlobals) = postSolution
		SolutionGuid = {D2566EDD-2ECB-4A98-AE30-4863999FB14D}
	EndGlobalSection
EndGlobal
